{
  "name": "dyor",
  "version": "1.0.0",
  "lockfileVersion": 1,
  "requires": true,
  "dependencies": {
    "ansi-regex": {
      "version": "2.1.1",
      "resolved": "https://registry.npmjs.org/ansi-regex/-/ansi-regex-2.1.1.tgz",
      "integrity": "sha1-w7M6te42DYbg5ijwRorn7yfWVN8=",
      "dev": true
    },
    "ansi-styles": {
      "version": "2.2.1",
      "resolved": "https://registry.npmjs.org/ansi-styles/-/ansi-styles-2.2.1.tgz",
      "integrity": "sha1-tDLdM1i2NM914eRmQ2gkBTPB3b4=",
      "dev": true
    },
    "array-filter": {
      "version": "0.0.1",
      "resolved": "https://registry.npmjs.org/array-filter/-/array-filter-0.0.1.tgz",
      "integrity": "sha1-fajPLiZijtcygDWB/SH2fKzS7uw=",
      "dev": true
    },
    "array-includes": {
      "version": "3.0.3",
      "resolved": "https://registry.npmjs.org/array-includes/-/array-includes-3.0.3.tgz",
      "integrity": "sha1-GEtI9i2S10UrsxsyMWXH+L0CJm0=",
      "dev": true,
      "requires": {
        "define-properties": "1.1.2",
        "es-abstract": "1.10.0"
      }
    },
    "array-map": {
      "version": "0.0.0",
      "resolved": "https://registry.npmjs.org/array-map/-/array-map-0.0.0.tgz",
      "integrity": "sha1-iKK6tz0c97zVwbEYoAP2b2ZfpmI=",
      "dev": true
    },
    "array-reduce": {
      "version": "0.0.0",
      "resolved": "https://registry.npmjs.org/array-reduce/-/array-reduce-0.0.0.tgz",
      "integrity": "sha1-FziZ0//Rx9k4PkR5Ul2+J4yrXys=",
      "dev": true
    },
    "asap": {
      "version": "2.0.6",
      "resolved": "https://registry.npmjs.org/asap/-/asap-2.0.6.tgz",
      "integrity": "sha1-5QNHYR1+aQlDIIu9r+vLwvuGbUY="
    },
    "babel-code-frame": {
      "version": "6.26.0",
      "resolved": "https://registry.npmjs.org/babel-code-frame/-/babel-code-frame-6.26.0.tgz",
      "integrity": "sha1-Y/1D99weO7fONZR9uP42mj9Yx0s=",
      "dev": true,
      "requires": {
        "chalk": "1.1.3",
        "esutils": "2.0.2",
        "js-tokens": "3.0.2"
      },
      "dependencies": {
        "chalk": {
          "version": "1.1.3",
          "resolved": "https://registry.npmjs.org/chalk/-/chalk-1.1.3.tgz",
          "integrity": "sha1-qBFcVeSnAv5NFQq9OHKCKn4J/Jg=",
          "dev": true,
          "requires": {
            "ansi-styles": "2.2.1",
            "escape-string-regexp": "1.0.5",
            "has-ansi": "2.0.0",
            "strip-ansi": "3.0.1",
            "supports-color": "2.0.0"
          }
        },
        "strip-ansi": {
          "version": "3.0.1",
          "resolved": "https://registry.npmjs.org/strip-ansi/-/strip-ansi-3.0.1.tgz",
          "integrity": "sha1-ajhfuIU9lS1f8F0Oiq+UJ43GPc8=",
          "dev": true,
          "requires": {
            "ansi-regex": "2.1.1"
          }
        }
      }
    },
    "babel-eslint": {
      "version": "7.2.3",
      "resolved": "https://registry.npmjs.org/babel-eslint/-/babel-eslint-7.2.3.tgz",
      "integrity": "sha1-sv4tgBJkcPXBlELcdXJTqJdxCCc=",
      "dev": true,
      "requires": {
        "babel-code-frame": "6.26.0",
        "babel-traverse": "6.26.0",
        "babel-types": "6.26.0",
        "babylon": "6.18.0"
      }
    },
    "babel-messages": {
      "version": "6.23.0",
      "resolved": "https://registry.npmjs.org/babel-messages/-/babel-messages-6.23.0.tgz",
      "integrity": "sha1-8830cDhYA1sqKVHG7F7fbGLyYw4=",
      "dev": true,
      "requires": {
        "babel-runtime": "6.26.0"
      }
    },
    "babel-polyfill": {
      "version": "6.26.0",
      "resolved": "https://registry.npmjs.org/babel-polyfill/-/babel-polyfill-6.26.0.tgz",
      "integrity": "sha1-N5k3q8Z9eJWXCtxiHyhM2WbPIVM=",
      "dev": true,
      "requires": {
        "babel-runtime": "6.26.0",
        "core-js": "2.5.1",
        "regenerator-runtime": "0.10.5"
      },
      "dependencies": {
        "regenerator-runtime": {
          "version": "0.10.5",
          "resolved": "https://registry.npmjs.org/regenerator-runtime/-/regenerator-runtime-0.10.5.tgz",
          "integrity": "sha1-M2w+/BIgrc7dosn6tntaeVWjNlg=",
          "dev": true
        }
      }
    },
    "babel-runtime": {
      "version": "6.26.0",
      "resolved": "https://registry.npmjs.org/babel-runtime/-/babel-runtime-6.26.0.tgz",
      "integrity": "sha1-llxwWGaOgrVde/4E/yM3vItWR/4=",
      "dev": true,
      "requires": {
        "core-js": "2.5.1",
        "regenerator-runtime": "0.11.0"
      }
    },
    "babel-traverse": {
      "version": "6.26.0",
      "resolved": "https://registry.npmjs.org/babel-traverse/-/babel-traverse-6.26.0.tgz",
      "integrity": "sha1-RqnL1+3MYsjlwGTi0tjQ9ANXZu4=",
      "dev": true,
      "requires": {
        "babel-code-frame": "6.26.0",
        "babel-messages": "6.23.0",
        "babel-runtime": "6.26.0",
        "babel-types": "6.26.0",
        "babylon": "6.18.0",
        "debug": "2.6.9",
        "globals": "9.18.0",
        "invariant": "2.2.2",
        "lodash": "4.17.4"
      }
    },
    "babel-types": {
      "version": "6.26.0",
      "resolved": "https://registry.npmjs.org/babel-types/-/babel-types-6.26.0.tgz",
      "integrity": "sha1-o7Bz+Uq0nrb6Vc1lInozQ4BjJJc=",
      "dev": true,
      "requires": {
        "babel-runtime": "6.26.0",
        "esutils": "2.0.2",
        "lodash": "4.17.4",
        "to-fast-properties": "1.0.3"
      }
    },
    "babylon": {
      "version": "6.18.0",
      "resolved": "https://registry.npmjs.org/babylon/-/babylon-6.18.0.tgz",
      "integrity": "sha512-q/UEjfGJ2Cm3oKV71DJz9d25TPnq5rhBVL2Q4fA5wcC3jcrdn7+SssEybFIxwAvvP+YCsCYNKughoF33GxgycQ==",
      "dev": true
    },
    "balanced-match": {
      "version": "1.0.0",
      "resolved": "https://registry.npmjs.org/balanced-match/-/balanced-match-1.0.0.tgz",
      "integrity": "sha1-ibTRmasr7kneFk6gK4nORi1xt2c=",
      "dev": true
    },
    "brace-expansion": {
      "version": "1.1.8",
      "resolved": "https://registry.npmjs.org/brace-expansion/-/brace-expansion-1.1.8.tgz",
      "integrity": "sha1-wHshHHyVLsH479Uad+8NHTmQopI=",
      "dev": true,
      "requires": {
        "balanced-match": "1.0.0",
        "concat-map": "0.0.1"
      }
    },
    "browserslist": {
      "version": "2.1.4",
      "resolved": "https://registry.npmjs.org/browserslist/-/browserslist-2.1.4.tgz",
      "integrity": "sha1-zFJq9KExK30uBWU+VtDIq3DA4FM=",
      "dev": true,
      "requires": {
        "caniuse-lite": "1.0.30000787",
        "electron-to-chromium": "1.3.30"
      }
    },
    "caniuse-db": {
      "version": "1.0.30000671",
      "resolved": "https://registry.npmjs.org/caniuse-db/-/caniuse-db-1.0.30000671.tgz",
      "integrity": "sha1-nwcbvHuWmUY4zLr0eCnVihV3qO0=",
      "dev": true
    },
    "caniuse-lite": {
      "version": "1.0.30000787",
      "resolved": "https://registry.npmjs.org/caniuse-lite/-/caniuse-lite-1.0.30000787.tgz",
      "integrity": "sha1-p2xPodasAGQER+yDwefGsz3WFcU=",
      "dev": true
    },
    "concat-map": {
      "version": "0.0.1",
      "resolved": "https://registry.npmjs.org/concat-map/-/concat-map-0.0.1.tgz",
      "integrity": "sha1-2Klr13/Wjfd5OnMDajug1UBdR3s=",
      "dev": true
    },
    "core-js": {
      "version": "2.5.1",
      "resolved": "https://registry.npmjs.org/core-js/-/core-js-2.5.1.tgz",
      "integrity": "sha1-rmh03GaTd4m4B1T/VCjfZoGcpQs=",
      "dev": true
    },
    "debug": {
      "version": "2.6.9",
      "resolved": "https://registry.npmjs.org/debug/-/debug-2.6.9.tgz",
      "integrity": "sha512-bC7ElrdJaJnPbAP+1EotYvqZsb3ecl5wi6Bfi6BJTUcNowp6cvspg0jXznRTKDjm/E7AdgFBVeAPVMNcKGsHMA==",
      "dev": true,
      "requires": {
        "ms": "2.0.0"
      }
    },
    "define-properties": {
      "version": "1.1.2",
      "resolved": "https://registry.npmjs.org/define-properties/-/define-properties-1.1.2.tgz",
      "integrity": "sha1-g6c/L+pWmJj7c3GTyPhzyvbUXJQ=",
      "dev": true,
      "requires": {
        "foreach": "2.0.5",
        "object-keys": "1.0.11"
      }
    },
    "doctrine": {
      "version": "2.0.2",
      "resolved": "https://registry.npmjs.org/doctrine/-/doctrine-2.0.2.tgz",
      "integrity": "sha512-y0tm5Pq6ywp3qSTZ1vPgVdAnbDEoeoc5wlOHXoY1c4Wug/a7JvqHIl7BTvwodaHmejWkK/9dSb3sCYfyo/om8A==",
      "dev": true,
      "requires": {
        "esutils": "2.0.2"
      }
    },
    "duplexer": {
      "version": "0.1.1",
      "resolved": "https://registry.npmjs.org/duplexer/-/duplexer-0.1.1.tgz",
      "integrity": "sha1-rOb/gIwc5mtX0ev5eXessCM0z8E=",
      "dev": true
    },
    "electron-releases": {
      "version": "2.1.0",
      "resolved": "https://registry.npmjs.org/electron-releases/-/electron-releases-2.1.0.tgz",
      "integrity": "sha512-cyKFD1bTE/UgULXfaueIN1k5EPFzs+FRc/rvCY5tIynefAPqopQEgjr0EzY+U3Dqrk/G4m9tXSPuZ77v6dL/Rw==",
      "dev": true
    },
    "electron-to-chromium": {
      "version": "1.3.30",
      "resolved": "https://registry.npmjs.org/electron-to-chromium/-/electron-to-chromium-1.3.30.tgz",
      "integrity": "sha512-zx1Prv7kYLfc4OA60FhxGbSo4qrEjgSzpo1/37i7l9ltXPYOoQBtjQxY9KmsgfHnBxHlBGXwLlsbt/gub1w5lw==",
      "dev": true,
      "requires": {
        "electron-releases": "2.1.0"
      }
    },
    "encoding": {
      "version": "0.1.12",
      "resolved": "https://registry.npmjs.org/encoding/-/encoding-0.1.12.tgz",
      "integrity": "sha1-U4tm8+5izRq1HsMjgp0flIDHS+s=",
      "requires": {
        "iconv-lite": "0.4.18"
      }
    },
    "es-abstract": {
      "version": "1.10.0",
      "resolved": "https://registry.npmjs.org/es-abstract/-/es-abstract-1.10.0.tgz",
      "integrity": "sha512-/uh/DhdqIOSkAWifU+8nG78vlQxdLckUdI/sPgy0VhuXi2qJ7T8czBmqIYtLQVpCIFYafChnsRsB5pyb1JdmCQ==",
      "dev": true,
      "requires": {
        "es-to-primitive": "1.1.1",
        "function-bind": "1.1.1",
        "has": "1.0.1",
        "is-callable": "1.1.3",
        "is-regex": "1.0.4"
      }
    },
    "es-to-primitive": {
      "version": "1.1.1",
      "resolved": "https://registry.npmjs.org/es-to-primitive/-/es-to-primitive-1.1.1.tgz",
      "integrity": "sha1-RTVSSKiJeQNLZ5Lhm7gfK3l13Q0=",
      "dev": true,
      "requires": {
        "is-callable": "1.1.3",
        "is-date-object": "1.0.1",
        "is-symbol": "1.0.1"
      }
    },
    "escape-string-regexp": {
      "version": "1.0.5",
      "resolved": "https://registry.npmjs.org/escape-string-regexp/-/escape-string-regexp-1.0.5.tgz",
      "integrity": "sha1-G2HAViGQqN/2rjuyzwIAyhMLhtQ=",
      "dev": true
    },
    "eslint-config-synacor": {
      "version": "1.1.2",
      "resolved": "https://registry.npmjs.org/eslint-config-synacor/-/eslint-config-synacor-1.1.2.tgz",
      "integrity": "sha512-9orZV23EBMIjJZD5HV/smEeHn7eXuBlj0ksbws6jH7EaL1wojmueIY0auAwHMaGCG0+j2RO2nZkc293GgI5rJA==",
      "dev": true,
      "requires": {
        "babel-eslint": "7.2.3",
        "eslint-plugin-compat": "1.0.4",
        "eslint-plugin-mocha": "4.11.0",
        "eslint-plugin-react": "7.5.1"
      }
    },
    "eslint-plugin-compat": {
      "version": "1.0.4",
      "resolved": "https://registry.npmjs.org/eslint-plugin-compat/-/eslint-plugin-compat-1.0.4.tgz",
      "integrity": "sha512-16yjDdjrivRQT7/Kov+3O6DMvfg8WYC1JKPAsvf/UNtdLBeMXVYATohAM4nOak1ynGP69mKUlOjw7nroUqY9Sg==",
      "dev": true,
      "requires": {
        "babel-runtime": "6.26.0",
        "browserslist": "2.1.4",
        "caniuse-db": "1.0.30000671",
        "requireindex": "1.1.0"
      }
    },
    "eslint-plugin-mocha": {
      "version": "4.11.0",
      "resolved": "https://registry.npmjs.org/eslint-plugin-mocha/-/eslint-plugin-mocha-4.11.0.tgz",
      "integrity": "sha1-kRk6L1XiCl41l0BUoAidMBmO5Xg=",
      "dev": true,
      "requires": {
        "ramda": "0.24.1"
      }
    },
    "eslint-plugin-react": {
      "version": "7.5.1",
      "resolved": "https://registry.npmjs.org/eslint-plugin-react/-/eslint-plugin-react-7.5.1.tgz",
      "integrity": "sha512-YGSjB9Qu6QbVTroUZi66pYky3DfoIPLdHQ/wmrBGyBRnwxQsBXAov9j2rpXt/55i8nyMv6IRWJv2s4d4YnduzQ==",
      "dev": true,
      "requires": {
        "doctrine": "2.0.2",
        "has": "1.0.1",
        "jsx-ast-utils": "2.0.1",
        "prop-types": "15.6.0"
      },
      "dependencies": {
        "core-js": {
          "version": "1.2.7",
          "resolved": "https://registry.npmjs.org/core-js/-/core-js-1.2.7.tgz",
          "integrity": "sha1-ZSKUwUZR2yj6k70tX/KYOk8IxjY=",
          "dev": true
        },
        "fbjs": {
          "version": "0.8.16",
          "resolved": "https://registry.npmjs.org/fbjs/-/fbjs-0.8.16.tgz",
          "integrity": "sha1-XmdDL1UNxBtXK/VYR7ispk5TN9s=",
          "dev": true,
          "requires": {
            "core-js": "1.2.7",
            "isomorphic-fetch": "2.2.1",
            "loose-envify": "1.3.1",
            "object-assign": "4.1.1",
            "promise": "7.3.1",
            "setimmediate": "1.0.5",
            "ua-parser-js": "0.7.14"
          }
        },
        "prop-types": {
          "version": "15.6.0",
          "resolved": "https://registry.npmjs.org/prop-types/-/prop-types-15.6.0.tgz",
          "integrity": "sha1-zq8IMCL8RrSjX2nhPvda7Q1jmFY=",
          "dev": true,
          "requires": {
            "fbjs": "0.8.16",
            "loose-envify": "1.3.1",
            "object-assign": "4.1.1"
          }
        }
      }
    },
    "esutils": {
      "version": "2.0.2",
      "resolved": "https://registry.npmjs.org/esutils/-/esutils-2.0.2.tgz",
      "integrity": "sha1-Cr9PHKpbyx96nYrMbepPqqBLrJs=",
      "dev": true
    },
    "event-stream": {
      "version": "3.3.4",
      "resolved": "https://registry.npmjs.org/event-stream/-/event-stream-3.3.4.tgz",
      "integrity": "sha1-SrTJoPWlTbkzi0w02Gv86PSzVXE=",
      "dev": true,
      "requires": {
        "duplexer": "0.1.1",
        "from": "0.1.7",
        "map-stream": "0.1.0",
        "pause-stream": "0.0.11",
        "split": "0.3.3",
        "stream-combiner": "0.0.4",
        "through": "2.3.8"
      }
    },
    "fast-memoize": {
      "version": "2.2.8",
      "resolved": "https://registry.npmjs.org/fast-memoize/-/fast-memoize-2.2.8.tgz",
      "integrity": "sha1-1/iZ8x0DexLZ20KBkS+QGFdXILE="
    },
    "fbjs": {
      "version": "0.8.14",
      "resolved": "https://registry.npmjs.org/fbjs/-/fbjs-0.8.14.tgz",
      "integrity": "sha1-0dviviVMNakeCfMfnNUKQLKg7Rw=",
      "requires": {
        "core-js": "1.2.7",
        "isomorphic-fetch": "2.2.1",
        "loose-envify": "1.3.1",
        "object-assign": "4.1.1",
        "promise": "7.3.1",
        "setimmediate": "1.0.5",
        "ua-parser-js": "0.7.14"
      },
      "dependencies": {
        "core-js": {
          "version": "1.2.7",
          "resolved": "https://registry.npmjs.org/core-js/-/core-js-1.2.7.tgz",
          "integrity": "sha1-ZSKUwUZR2yj6k70tX/KYOk8IxjY="
        }
      }
    },
    "foreach": {
      "version": "2.0.5",
      "resolved": "https://registry.npmjs.org/foreach/-/foreach-2.0.5.tgz",
      "integrity": "sha1-C+4AUBiusmDQo6865ljdATbsG5k=",
      "dev": true
    },
    "from": {
      "version": "0.1.7",
      "resolved": "https://registry.npmjs.org/from/-/from-0.1.7.tgz",
      "integrity": "sha1-g8YK/Fi5xWmXAH7Rp2izqzA6RP4=",
      "dev": true
    },
    "function-bind": {
      "version": "1.1.1",
      "resolved": "https://registry.npmjs.org/function-bind/-/function-bind-1.1.1.tgz",
      "integrity": "sha512-yIovAzMX49sF8Yl58fSCWJ5svSLuaibPxXQJFLmBObTuCr0Mf1KiPopGM9NiFjiYBCbfaa2Fh6breQ6ANVTI0A==",
      "dev": true
    },
    "ganalytics": {
      "version": "2.0.1",
      "resolved": "https://registry.npmjs.org/ganalytics/-/ganalytics-2.0.1.tgz",
      "integrity": "sha1-u932RJpXibLv7nqI6ZQiFrxe7as="
    },
    "globals": {
      "version": "9.18.0",
      "resolved": "https://registry.npmjs.org/globals/-/globals-9.18.0.tgz",
      "integrity": "sha512-S0nG3CLEQiY/ILxqtztTWH/3iRRdyBLw6KMDxnKMchrtbj2OFmehVh0WUCfW3DUrIgx/qFrJPICrq4Z4sTR9UQ==",
      "dev": true
    },
    "has": {
      "version": "1.0.1",
      "resolved": "https://registry.npmjs.org/has/-/has-1.0.1.tgz",
      "integrity": "sha1-hGFzP1OLCDfJNh45qauelwTcLyg=",
      "dev": true,
      "requires": {
        "function-bind": "1.1.1"
      }
    },
    "has-ansi": {
      "version": "2.0.0",
      "resolved": "https://registry.npmjs.org/has-ansi/-/has-ansi-2.0.0.tgz",
      "integrity": "sha1-NPUEnOHs3ysGSa8+8k5F7TVBbZE=",
      "dev": true,
      "requires": {
        "ansi-regex": "2.1.1"
      }
    },
    "iconv-lite": {
      "version": "0.4.18",
      "resolved": "https://registry.npmjs.org/iconv-lite/-/iconv-lite-0.4.18.tgz",
      "integrity": "sha512-sr1ZQph3UwHTR0XftSbK85OvBbxe/abLGzEnPENCQwmHf7sck8Oyu4ob3LgBxWWxRoM+QszeUyl7jbqapu2TqA=="
    },
    "if-env": {
      "version": "1.0.0",
      "resolved": "https://registry.npmjs.org/if-env/-/if-env-1.0.0.tgz",
      "integrity": "sha1-bgkILN0/LM+3W68CKkqXFWX2AHw=",
      "dev": true,
      "requires": {
        "npm-run-all": "1.4.0"
      }
    },
    "immutability-helper": {
      "version": "2.3.1",
      "resolved": "https://registry.npmjs.org/immutability-helper/-/immutability-helper-2.3.1.tgz",
      "integrity": "sha1-jM/OkhVyCMEgsq+tftBcERFMCG4=",
      "requires": {
        "invariant": "2.2.2"
      }
    },
    "invariant": {
      "version": "2.2.2",
      "resolved": "https://registry.npmjs.org/invariant/-/invariant-2.2.2.tgz",
      "integrity": "sha1-nh9WrArNtr8wMwbzOL47IErmA2A=",
      "requires": {
        "loose-envify": "1.3.1"
      }
    },
    "is-callable": {
      "version": "1.1.3",
      "resolved": "https://registry.npmjs.org/is-callable/-/is-callable-1.1.3.tgz",
      "integrity": "sha1-hut1OSgF3cM69xySoO7fdO52BLI=",
      "dev": true
    },
    "is-date-object": {
      "version": "1.0.1",
      "resolved": "https://registry.npmjs.org/is-date-object/-/is-date-object-1.0.1.tgz",
      "integrity": "sha1-mqIOtq7rv/d/vTPnTKAbM1gdOhY=",
      "dev": true
    },
    "is-regex": {
      "version": "1.0.4",
      "resolved": "https://registry.npmjs.org/is-regex/-/is-regex-1.0.4.tgz",
      "integrity": "sha1-VRdIm1RwkbCTDglWVM7SXul+lJE=",
      "dev": true,
      "requires": {
        "has": "1.0.1"
      }
    },
    "is-stream": {
      "version": "1.1.0",
      "resolved": "https://registry.npmjs.org/is-stream/-/is-stream-1.1.0.tgz",
      "integrity": "sha1-EtSj3U5o4Lec6428hBc66A2RykQ="
    },
    "is-symbol": {
      "version": "1.0.1",
      "resolved": "https://registry.npmjs.org/is-symbol/-/is-symbol-1.0.1.tgz",
      "integrity": "sha1-PMWfAAJRlLarLjjbrmaJJWtmBXI=",
      "dev": true
    },
    "isexe": {
      "version": "2.0.0",
      "resolved": "https://registry.npmjs.org/isexe/-/isexe-2.0.0.tgz",
      "integrity": "sha1-6PvzdNxVb/iUehDcsFctYz8s+hA=",
      "dev": true
    },
    "isomorphic-fetch": {
      "version": "2.2.1",
      "resolved": "https://registry.npmjs.org/isomorphic-fetch/-/isomorphic-fetch-2.2.1.tgz",
      "integrity": "sha1-YRrhrPFPXoH3KVB0coGf6XM1WKk=",
      "requires": {
        "node-fetch": "1.7.2",
        "whatwg-fetch": "2.0.3"
      }
    },
    "js-tokens": {
      "version": "3.0.2",
      "resolved": "https://registry.npmjs.org/js-tokens/-/js-tokens-3.0.2.tgz",
      "integrity": "sha1-mGbfOVECEw449/mWvOtlRDIJwls="
    },
    "jsonify": {
      "version": "0.0.0",
      "resolved": "https://registry.npmjs.org/jsonify/-/jsonify-0.0.0.tgz",
      "integrity": "sha1-LHS27kHZPKUbe1qu6PUDYx0lKnM=",
      "dev": true
    },
    "jsx-ast-utils": {
      "version": "2.0.1",
      "resolved": "https://registry.npmjs.org/jsx-ast-utils/-/jsx-ast-utils-2.0.1.tgz",
      "integrity": "sha1-6AGxs5mF4g//yHtA43SAgOLcrH8=",
      "dev": true,
      "requires": {
        "array-includes": "3.0.3"
      }
    },
    "lodash": {
      "version": "4.17.4",
      "resolved": "https://registry.npmjs.org/lodash/-/lodash-4.17.4.tgz",
      "integrity": "sha1-eCA6TRwyiuHYbcpkYONptX9AVa4=",
      "dev": true
    },
    "loose-envify": {
      "version": "1.3.1",
      "resolved": "https://registry.npmjs.org/loose-envify/-/loose-envify-1.3.1.tgz",
      "integrity": "sha1-0aitM/qc4OcT1l/dCsi3SNR4yEg=",
      "requires": {
        "js-tokens": "3.0.2"
      }
    },
    "map-stream": {
      "version": "0.1.0",
      "resolved": "https://registry.npmjs.org/map-stream/-/map-stream-0.1.0.tgz",
      "integrity": "sha1-5WqpTEyAVaFkBKBnS3jyFffI4ZQ=",
      "dev": true
    },
    "marked": {
      "version": "0.3.9",
      "resolved": "https://registry.npmjs.org/marked/-/marked-0.3.9.tgz",
      "integrity": "sha512-nW5u0dxpXxHfkHzzrveY45gCbi+R4PaO4WRZYqZNl+vB0hVGeqlFn0aOg1c8AKL63TrNFn9Bm2UP4AdiZ9TPLw=="
    },
    "minimatch": {
      "version": "3.0.4",
      "resolved": "https://registry.npmjs.org/minimatch/-/minimatch-3.0.4.tgz",
      "integrity": "sha1-UWbihkV/AzBgZL5Ul+jbsMPTIIM=",
      "dev": true,
      "requires": {
        "brace-expansion": "1.1.8"
      }
    },
    "moment": {
      "version": "2.20.1",
      "resolved": "https://registry.npmjs.org/moment/-/moment-2.20.1.tgz",
      "integrity": "sha512-Yh9y73JRljxW5QxN08Fner68eFLxM5ynNOAw2LbIB1YAGeQzZT8QFSUvkAz609Zf+IHhhaUxqZK8dG3W/+HEvg=="
    },
    "ms": {
      "version": "2.0.0",
      "resolved": "https://registry.npmjs.org/ms/-/ms-2.0.0.tgz",
      "integrity": "sha1-VgiurfwAvmwpAd9fmGF4jeDVl8g=",
      "dev": true
    },
    "node-fetch": {
      "version": "1.7.2",
      "resolved": "https://registry.npmjs.org/node-fetch/-/node-fetch-1.7.2.tgz",
      "integrity": "sha512-xZZUq2yDhKMIn/UgG5q//IZSNLJIwW2QxS14CNH5spuiXkITM2pUitjdq58yLSaU7m4M0wBNaM2Gh/ggY4YJig==",
      "requires": {
        "encoding": "0.1.12",
        "is-stream": "1.1.0"
      }
    },
    "npm-run-all": {
      "version": "1.4.0",
      "resolved": "https://registry.npmjs.org/npm-run-all/-/npm-run-all-1.4.0.tgz",
      "integrity": "sha1-pGm7n+q+W/OqmRaDO69ndlguiUg=",
      "dev": true,
      "requires": {
        "babel-polyfill": "6.26.0",
        "minimatch": "3.0.4",
        "ps-tree": "1.1.0",
        "shell-quote": "1.6.1",
        "which": "1.3.0"
      }
    },
    "object-assign": {
      "version": "4.1.1",
      "resolved": "https://registry.npmjs.org/object-assign/-/object-assign-4.1.1.tgz",
      "integrity": "sha1-IQmtx5ZYh8/AXLvUQsrIv7s2CGM="
    },
    "object-keys": {
      "version": "1.0.11",
      "resolved": "https://registry.npmjs.org/object-keys/-/object-keys-1.0.11.tgz",
      "integrity": "sha1-xUYBd4rVYPEULODgG8yotW0TQm0=",
      "dev": true
    },
    "pause-stream": {
      "version": "0.0.11",
      "resolved": "https://registry.npmjs.org/pause-stream/-/pause-stream-0.0.11.tgz",
      "integrity": "sha1-/lo0sMvOErWqaitAPuLnO2AvFEU=",
      "dev": true,
      "requires": {
        "through": "2.3.8"
      }
    },
    "preact": {
      "version": "8.2.7",
      "resolved": "https://registry.npmjs.org/preact/-/preact-8.2.7.tgz",
      "integrity": "sha512-m34Ke8U32HyKRVzUOCAcaiIBLR2ye6syiuRclU5DxyixDPDFqdLbIElhERBrF6gDbPKQR+Vpv5bZ9CCbvN6pdQ=="
    },
    "preact-compat": {
      "version": "3.17.0",
      "resolved": "https://registry.npmjs.org/preact-compat/-/preact-compat-3.17.0.tgz",
      "integrity": "sha1-Uoz9/DARkMGg9HVnM2vh9L4CZrM=",
      "requires": {
        "immutability-helper": "2.3.1",
        "preact-render-to-string": "3.6.3",
        "preact-transition-group": "1.1.1",
        "prop-types": "15.5.10",
        "standalone-react-addons-pure-render-mixin": "0.1.1"
      }
    },
    "preact-markup": {
      "version": "1.6.0",
      "resolved": "https://registry.npmjs.org/preact-markup/-/preact-markup-1.6.0.tgz",
      "integrity": "sha1-n00oV2FTHdda8+HSzRIVBbCZhrw=",
      "requires": {
        "preact": "8.2.7"
      }
    },
    "preact-render-to-string": {
      "version": "3.6.3",
      "resolved": "https://registry.npmjs.org/preact-render-to-string/-/preact-render-to-string-3.6.3.tgz",
      "integrity": "sha1-SB0NW9rJGS0zR1V0N9XNAKoxIEM=",
      "requires": {
        "pretty-format": "3.8.0"
      }
    },
    "preact-router": {
      "version": "2.6.0",
      "resolved": "https://registry.npmjs.org/preact-router/-/preact-router-2.6.0.tgz",
      "integrity": "sha1-Vff7yE5rivDfPqBMjOTCaHFAibY="
    },
    "preact-transition-group": {
      "version": "1.1.1",
      "resolved": "https://registry.npmjs.org/preact-transition-group/-/preact-transition-group-1.1.1.tgz",
      "integrity": "sha1-8KSTJ+pRXs406ivoZMSn0p5dbhA="
    },
    "pretty-format": {
      "version": "3.8.0",
      "resolved": "https://registry.npmjs.org/pretty-format/-/pretty-format-3.8.0.tgz",
      "integrity": "sha1-v77VbV6ad2ZF9LH/eqGjrE+jw4U="
    },
    "promise": {
      "version": "7.3.1",
      "resolved": "https://registry.npmjs.org/promise/-/promise-7.3.1.tgz",
      "integrity": "sha1-BktyYCsY+Q8pGSuLG8QY/9Hr078=",
      "requires": {
        "asap": "2.0.6"
      }
    },
    "prop-types": {
      "version": "15.5.10",
      "resolved": "https://registry.npmjs.org/prop-types/-/prop-types-15.5.10.tgz",
      "integrity": "sha1-J5ffwxJhguOpXj37suiT3ddFYVQ=",
      "requires": {
        "fbjs": "0.8.14",
        "loose-envify": "1.3.1"
      }
    },
    "ps-tree": {
      "version": "1.1.0",
      "resolved": "https://registry.npmjs.org/ps-tree/-/ps-tree-1.1.0.tgz",
      "integrity": "sha1-tCGyQUDWID8e08dplrRCewjowBQ=",
      "dev": true,
      "requires": {
        "event-stream": "3.3.4"
      }
    },
    "ramda": {
      "version": "0.24.1",
      "resolved": "https://registry.npmjs.org/ramda/-/ramda-0.24.1.tgz",
      "integrity": "sha1-w7d1UZfzW43DUCIoJixMkd22uFc=",
      "dev": true
    },
    "regenerator-runtime": {
      "version": "0.11.0",
      "resolved": "https://registry.npmjs.org/regenerator-runtime/-/regenerator-runtime-0.11.0.tgz",
      "integrity": "sha1-flT+W1zNXWYk6mJVw0c74JC4AuE=",
      "dev": true
    },
    "requireindex": {
      "version": "1.1.0",
      "resolved": "https://registry.npmjs.org/requireindex/-/requireindex-1.1.0.tgz",
      "integrity": "sha1-5UBLgVV+91225JxacgBIk/4D4WI=",
      "dev": true
    },
    "setimmediate": {
      "version": "1.0.5",
      "resolved": "https://registry.npmjs.org/setimmediate/-/setimmediate-1.0.5.tgz",
      "integrity": "sha1-KQy7Iy4waULX1+qbg3Mqt4VvgoU="
    },
    "shell-quote": {
      "version": "1.6.1",
      "resolved": "https://registry.npmjs.org/shell-quote/-/shell-quote-1.6.1.tgz",
      "integrity": "sha1-9HgZSczkAmlxJ0MOo7PFR29IF2c=",
      "dev": true,
      "requires": {
        "array-filter": "0.0.1",
        "array-map": "0.0.0",
        "array-reduce": "0.0.0",
        "jsonify": "0.0.0"
      }
    },
    "split": {
      "version": "0.3.3",
      "resolved": "https://registry.npmjs.org/split/-/split-0.3.3.tgz",
      "integrity": "sha1-zQ7qXmOiEd//frDwkcQTPi0N0o8=",
      "dev": true,
      "requires": {
        "through": "2.3.8"
      }
    },
    "standalone-react-addons-pure-render-mixin": {
      "version": "0.1.1",
      "resolved": "https://registry.npmjs.org/standalone-react-addons-pure-render-mixin/-/standalone-react-addons-pure-render-mixin-0.1.1.tgz",
      "integrity": "sha1-PHQJ9MecQN6axyxhbPZ5qZTzdVE="
    },
    "stream-combiner": {
      "version": "0.0.4",
      "resolved": "https://registry.npmjs.org/stream-combiner/-/stream-combiner-0.0.4.tgz",
      "integrity": "sha1-TV5DPBhSYd3mI8o/RMWGvPXErRQ=",
      "dev": true,
      "requires": {
        "duplexer": "0.1.1"
      }
    },
    "supports-color": {
      "version": "2.0.0",
      "resolved": "https://registry.npmjs.org/supports-color/-/supports-color-2.0.0.tgz",
      "integrity": "sha1-U10EXOa2Nj+kARcIRimZXp3zJMc=",
      "dev": true
    },
    "through": {
      "version": "2.3.8",
      "resolved": "https://registry.npmjs.org/through/-/through-2.3.8.tgz",
      "integrity": "sha1-DdTJ/6q8NXlgsbckEV1+Doai4fU=",
      "dev": true
    },
    "to-fast-properties": {
      "version": "1.0.3",
      "resolved": "https://registry.npmjs.org/to-fast-properties/-/to-fast-properties-1.0.3.tgz",
      "integrity": "sha1-uDVx+k2MJbguIxsG46MFXeTKGkc=",
      "dev": true
    },
    "ua-parser-js": {
      "version": "0.7.14",
      "resolved": "https://registry.npmjs.org/ua-parser-js/-/ua-parser-js-0.7.14.tgz",
      "integrity": "sha1-EQ1T+kw/MmwSEpK76skE0uAzh8o="
    },
    "whatwg-fetch": {
      "version": "2.0.3",
      "resolved": "https://registry.npmjs.org/whatwg-fetch/-/whatwg-fetch-2.0.3.tgz",
      "integrity": "sha1-nITsLc9oGH/wC8ZOEnS0QhduHIQ="
    },
    "which": {
      "version": "1.3.0",
      "resolved": "https://registry.npmjs.org/which/-/which-1.3.0.tgz",
      "integrity": "sha1-/wS9/AEO5UfXgL7DjhrBwnd9JTo=",
      "dev": true,
      "requires": {
        "isexe": "2.0.0"
      }
    },
    "yaml": {
      "version": "0.3.0",
      "resolved": "https://registry.npmjs.org/yaml/-/yaml-0.3.0.tgz",
      "integrity": "sha1-wxphbQes28IBLXOmulsbC90YWn8="
    }
  }
}
